
Microsoft Visual Studio Solution File, Format Version 12.00
# Visual Studio 15
VisualStudioVersion = 15.0.28307.438
MinimumVisualStudioVersion = 10.0.40219.1
Project("{FAE04EC0-301F-11D3-BF4B-00C04F79EFBC}") = "JsnLogSerilogTest", "JsnLogSerilogTest\JsnLogSerilogTest.csproj", "{A3F33566-FFBF-4059-BAC7-47892BC35A4D}"
EndProject
Global
	GlobalSection(SolutionConfigurationPlatforms) = preSolution
		Debug|Any CPU = Debug|Any CPU
		Release|Any CPU = Release|Any CPU
	EndGlobalSection
	GlobalSection(ProjectConfigurationPlatforms) = postSolution
		{A3F33566-FFBF-4059-BAC7-47892BC35A4D}.Debug|Any CPU.ActiveCfg = Debug|Any CPU
		{A3F33566-FFBF-4059-BAC7-47892BC35A4D}.Debug|Any CPU.Build.0 = Debug|Any CPU
		{A3F33566-FFBF-4059-BAC7-47892BC35A4D}.Release|Any CPU.ActiveCfg = Release|Any CPU
		{A3F33566-FFBF-4059-BAC7-47892BC35A4D}.Release|Any CPU.Build.0 = Release|Any CPU
	EndGlobalSection
	GlobalSection(SolutionProperties) = preSolution
		HideSolutionNode = FALSE
	EndGlobalSection
	GlobalSection(ExtensibilityGlobals) = postSolution
		SolutionGuid = {A5BF6D07-90E8-48DB-AA31-74162B6DCE48}
	EndGlobalSection
EndGlobal
